
Microsoft Visual Studio Solution File, Format Version 12.00
# Visual Studio Version 17
VisualStudioVersion = 17.14.36811.4
MinimumVisualStudioVersion = 10.0.40219.1
Project("{FAE04EC0-301F-11D3-BF4B-00C04F79EFBC}") = "ApiProjeKampi.WebApi", "ApiProjeKampi.WebApi\ApiProjeKampi.WebApi.csproj", "{0828B456-6259-4733-B0B1-5F39923EE12F}"
EndProject
Project("{FAE04EC0-301F-11D3-BF4B-00C04F79EFBC}") = "ApiProjeKampi.WebUI", "ApiProjeKampi.WebUI\ApiProjeKampi.WebUI.csproj", "{3693E869-B6B6-40F2-BE17-1009961D0F28}"
EndProject
Global
	GlobalSection(SolutionConfigurationPlatforms) = preSolution
		Debug|Any CPU = Debug|Any CPU
		Release|Any CPU = Release|Any CPU
	EndGlobalSection
	GlobalSection(ProjectConfigurationPlatforms) = postSolution
		{0828B456-6259-4733-B0B1-5F39923EE12F}.Debug|Any CPU.ActiveCfg = Debug|Any CPU
		{0828B456-6259-4733-B0B1-5F39923EE12F}.Debug|Any CPU.Build.0 = Debug|Any CPU
		{0828B456-6259-4733-B0B1-5F39923EE12F}.Release|Any CPU.ActiveCfg = Release|Any CPU
		{0828B456-6259-4733-B0B1-5F39923EE12F}.Release|Any CPU.Build.0 = Release|Any CPU
		{3693E869-B6B6-40F2-BE17-1009961D0F28}.Debug|Any CPU.ActiveCfg = Debug|Any CPU
		{3693E869-B6B6-40F2-BE17-1009961D0F28}.Debug|Any CPU.Build.0 = Debug|Any CPU
		{3693E869-B6B6-40F2-BE17-1009961D0F28}.Release|Any CPU.ActiveCfg = Release|Any CPU
		{3693E869-B6B6-40F2-BE17-1009961D0F28}.Release|Any CPU.Build.0 = Release|Any CPU
	EndGlobalSection
	GlobalSection(SolutionProperties) = preSolution
		HideSolutionNode = FALSE
	EndGlobalSection
	GlobalSection(ExtensibilityGlobals) = postSolution
		SolutionGuid = {991ABD35-389C-4B9D-97F1-FF93BD76264B}
	EndGlobalSection
EndGlobal
